
Microsoft Visual Studio Solution File, Format Version 12.00
# Visual Studio Version 16
VisualStudioVersion = 16.0.31729.503
MinimumVisualStudioVersion = 10.0.40219.1
Project("{FAE04EC0-301F-11D3-BF4B-00C04F79EFBC}") = "PooTp2", "PooTp2\PooTp2.csproj", "{D6AF3782-BE62-44E9-8130-2503583DC3E8}"
EndProject
Global
	GlobalSection(SolutionConfigurationPlatforms) = preSolution
		Debug|Any CPU = Debug|Any CPU
		Release|Any CPU = Release|Any CPU
	EndGlobalSection
	GlobalSection(ProjectConfigurationPlatforms) = postSolution
		{D6AF3782-BE62-44E9-8130-2503583DC3E8}.Debug|Any CPU.ActiveCfg = Debug|Any CPU
		{D6AF3782-BE62-44E9-8130-2503583DC3E8}.Debug|Any CPU.Build.0 = Debug|Any CPU
		{D6AF3782-BE62-44E9-8130-2503583DC3E8}.Release|Any CPU.ActiveCfg = Release|Any CPU
		{D6AF3782-BE62-44E9-8130-2503583DC3E8}.Release|Any CPU.Build.0 = Release|Any CPU
	EndGlobalSection
	GlobalSection(SolutionProperties) = preSolution
		HideSolutionNode = FALSE
	EndGlobalSection
	GlobalSection(ExtensibilityGlobals) = postSolution
		SolutionGuid = {2050C814-EABA-46DD-8ED3-7D65038AE73E}
	EndGlobalSection
EndGlobal
