
Microsoft Visual Studio Solution File, Format Version 12.00
# Visual Studio Version 16
VisualStudioVersion = 16.0.31729.503
MinimumVisualStudioVersion = 10.0.40219.1
Project("{FAE04EC0-301F-11D3-BF4B-00C04F79EFBC}") = "GestionMagasin", "GestionMagasin\GestionMagasin.csproj", "{90EF634A-5174-4A88-9B88-04832409926F}"
EndProject
Global
	GlobalSection(SolutionConfigurationPlatforms) = preSolution
		Debug|Any CPU = Debug|Any CPU
		Release|Any CPU = Release|Any CPU
	EndGlobalSection
	GlobalSection(ProjectConfigurationPlatforms) = postSolution
		{90EF634A-5174-4A88-9B88-04832409926F}.Debug|Any CPU.ActiveCfg = Debug|Any CPU
		{90EF634A-5174-4A88-9B88-04832409926F}.Debug|Any CPU.Build.0 = Debug|Any CPU
		{90EF634A-5174-4A88-9B88-04832409926F}.Release|Any CPU.ActiveCfg = Release|Any CPU
		{90EF634A-5174-4A88-9B88-04832409926F}.Release|Any CPU.Build.0 = Release|Any CPU
	EndGlobalSection
	GlobalSection(SolutionProperties) = preSolution
		HideSolutionNode = FALSE
	EndGlobalSection
	GlobalSection(ExtensibilityGlobals) = postSolution
		SolutionGuid = {4A9CE388-5B7B-4377-8FC1-11B654A493B5}
	EndGlobalSection
EndGlobal
